// !$*UTF8*$!
{
	archiveVersion = 1;
	classes = {
	};
	objectVersion = 46;
	objects = {

/* Begin PBXBuildFile section */
		864828E31C6117EC008BC354 /* main.m in Sources */ = {isa = PBXBuildFile; fileRef = 864828E21C6117EC008BC354 /* main.m */; };
		864828E61C6117EC008BC354 /* AppDelegate.m in Sources */ = {isa = PBXBuildFile; fileRef = 864828E51C6117EC008BC354 /* AppDelegate.m */; };
		864828E91C6117EC008BC354 /* ViewController.m in Sources */ = {isa = PBXBuildFile; fileRef = 864828E81C6117EC008BC354 /* ViewController.m */; };
		864828EC1C6117EC008BC354 /* Main.storyboard in Resources */ = {isa = PBXBuildFile; fileRef = 864828EA1C6117EC008BC354 /* Main.storyboard */; };
		864828EE1C6117EC008BC354 /* Assets.xcassets in Resources */ = {isa = PBXBuildFile; fileRef = 864828ED1C6117EC008BC354 /* Assets.xcassets */; };
		864828F11C6117EC008BC354 /* LaunchScreen.storyboard in Resources */ = {isa = PBXBuildFile; fileRef = 864828EF1C6117EC008BC354 /* LaunchScreen.storyboard */; };
		864828FC1C6117EC008BC354 /* TesteObjectiveCTests.m in Sources */ = {isa = PBXBuildFile; fileRef = 864828FB1C6117EC008BC354 /* TesteObjectiveCTests.m */; };
		864829071C6117EC008BC354 /* TesteObjectiveCUITests.m in Sources */ = {isa = PBXBuildFile; fileRef = 864829061C6117EC008BC354 /* TesteObjectiveCUITests.m */; };
		864829181C611BF7008BC354 /* TableViewController.m in Sources */ = {isa = PBXBuildFile; fileRef = 864829171C611BF7008BC354 /* TableViewController.m */; };
		869280ED1C767F4E0031C722 /* HistoricoViewController.m in Sources */ = {isa = PBXBuildFile; fileRef = 869280EC1C767F4E0031C722 /* HistoricoViewController.m */; };
		86F451D21C62475A00BDDD72 /* InicioViewController.m in Sources */ = {isa = PBXBuildFile; fileRef = 86F451D11C62475A00BDDD72 /* InicioViewController.m */; };
		86F451D51C62A51F00BDDD72 /* CheckoutViewController.m in Sources */ = {isa = PBXBuildFile; fileRef = 86F451D41C62A51F00BDDD72 /* CheckoutViewController.m */; };
		BCBFE34966FC1EEA492ED08D /* libPods.a in Frameworks */ = {isa = PBXBuildFile; fileRef = 975EF7E2D040D1471A566990 /* libPods.a */; };
/* End PBXBuildFile section */

/* Begin PBXContainerItemProxy section */
		864828F81C6117EC008BC354 /* PBXContainerItemProxy */ = {
			isa = PBXContainerItemProxy;
			containerPortal = 864828D61C6117EC008BC354 /* Project object */;
			proxyType = 1;
			remoteGlobalIDString = 864828DD1C6117EC008BC354;
			remoteInfo = TesteObjectiveC;
		};
		864829031C6117EC008BC354 /* PBXContainerItemProxy */ = {
			isa = PBXContainerItemProxy;
			containerPortal = 864828D61C6117EC008BC354 /* Project object */;
			proxyType = 1;
			remoteGlobalIDString = 864828DD1C6117EC008BC354;
			remoteInfo = TesteObjectiveC;
		};
/* End PBXContainerItemProxy section */

/* Begin PBXFileReference section */
		231EACC81985B30522B9BDD1 /* Pods.release.xcconfig */ = {isa = PBXFileReference; includeInIndex = 1; lastKnownFileType = text.xcconfig; name = Pods.release.xcconfig; path = "Pods/Target Support Files/Pods/Pods.release.xcconfig"; sourceTree = "<group>"; };
		39DD8D1442627108A58FC793 /* Pods.debug.xcconfig */ = {isa = PBXFileReference; includeInIndex = 1; lastKnownFileType = text.xcconfig; name = Pods.debug.xcconfig; path = "Pods/Target Support Files/Pods/Pods.debug.xcconfig"; sourceTree = "<group>"; };
		864828DE1C6117EC008BC354 /* TesteObjectiveC.app */ = {isa = PBXFileReference; explicitFileType = wrapper.application; includeInIndex = 0; path = TesteObjectiveC.app; sourceTree = BUILT_PRODUCTS_DIR; };
		864828E21C6117EC008BC354 /* main.m */ = {isa = PBXFileReference; lastKnownFileType = sourcecode.c.objc; path = main.m; sourceTree = "<group>"; };
		864828E41C6117EC008BC354 /* AppDelegate.h */ = {isa = PBXFileReference; lastKnownFileType = sourcecode.c.h; path = AppDelegate.h; sourceTree = "<group>"; };
		864828E51C6117EC008BC354 /* AppDelegate.m */ = {isa = PBXFileReference; lastKnownFileType = sourcecode.c.objc; path = AppDelegate.m; sourceTree = "<group>"; };
		864828E71C6117EC008BC354 /* ViewController.h */ = {isa = PBXFileReference; lastKnownFileType = sourcecode.c.h; path = ViewController.h; sourceTree = "<group>"; };
		864828E81C6117EC008BC354 /* ViewController.m */ = {isa = PBXFileReference; lastKnownFileType = sourcecode.c.objc; path = ViewController.m; sourceTree = "<group>"; };
		864828EB1C6117EC008BC354 /* Base */ = {isa = PBXFileReference; lastKnownFileType = file.storyboard; name = Base; path = Base.lproj/Main.storyboard; sourceTree = "<group>"; };
		864828ED1C6117EC008BC354 /* Assets.xcassets */ = {isa = PBXFileReference; lastKnownFileType = folder.assetcatalog; path = Assets.xcassets; sourceTree = "<group>"; };
		864828F01C6117EC008BC354 /* Base */ = {isa = PBXFileReference; lastKnownFileType = file.storyboard; name = Base; path = Base.lproj/LaunchScreen.storyboard; sourceTree = "<group>"; };
		864828F21C6117EC008BC354 /* Info.plist */ = {isa = PBXFileReference; lastKnownFileType = text.plist.xml; path = Info.plist; sourceTree = "<group>"; };
		864828F71C6117EC008BC354 /* TesteObjectiveCTests.xctest */ = {isa = PBXFileReference; explicitFileType = wrapper.cfbundle; includeInIndex = 0; path = TesteObjectiveCTests.xctest; sourceTree = BUILT_PRODUCTS_DIR; };
		864828FB1C6117EC008BC354 /* TesteObjectiveCTests.m */ = {isa = PBXFileReference; lastKnownFileType = sourcecode.c.objc; path = TesteObjectiveCTests.m; sourceTree = "<group>"; };
		864828FD1C6117EC008BC354 /* Info.plist */ = {isa = PBXFileReference; lastKnownFileType = text.plist.xml; path = Info.plist; sourceTree = "<group>"; };
		864829021C6117EC008BC354 /* TesteObjectiveCUITests.xctest */ = {isa = PBXFileReference; explicitFileType = wrapper.cfbundle; includeInIndex = 0; path = TesteObjectiveCUITests.xctest; sourceTree = BUILT_PRODUCTS_DIR; };
		864829061C6117EC008BC354 /* TesteObjectiveCUITests.m */ = {isa = PBXFileReference; lastKnownFileType = sourcecode.c.objc; path = TesteObjectiveCUITests.m; sourceTree = "<group>"; };
		864829081C6117EC008BC354 /* Info.plist */ = {isa = PBXFileReference; lastKnownFileType = text.plist.xml; path = Info.plist; sourceTree = "<group>"; };
		864829161C611BF7008BC354 /* TableViewController.h */ = {isa = PBXFileReference; fileEncoding = 4; lastKnownFileType = sourcecode.c.h; path = TableViewController.h; sourceTree = "<group>"; };
		864829171C611BF7008BC354 /* TableViewController.m */ = {isa = PBXFileReference; fileEncoding = 4; lastKnownFileType = sourcecode.c.objc; path = TableViewController.m; sourceTree = "<group>"; };
		869280EB1C767F4E0031C722 /* HistoricoViewController.h */ = {isa = PBXFileReference; fileEncoding = 4; lastKnownFileType = sourcecode.c.h; path = HistoricoViewController.h; sourceTree = "<group>"; };
		869280EC1C767F4E0031C722 /* HistoricoViewController.m */ = {isa = PBXFileReference; fileEncoding = 4; lastKnownFileType = sourcecode.c.objc; path = HistoricoViewController.m; sourceTree = "<group>"; };
		86F451D01C62475A00BDDD72 /* InicioViewController.h */ = {isa = PBXFileReference; fileEncoding = 4; lastKnownFileType = sourcecode.c.h; path = InicioViewController.h; sourceTree = "<group>"; };
		86F451D11C62475A00BDDD72 /* InicioViewController.m */ = {isa = PBXFileReference; fileEncoding = 4; lastKnownFileType = sourcecode.c.objc; path = InicioViewController.m; sourceTree = "<group>"; };
		86F451D31C62A51F00BDDD72 /* CheckoutViewController.h */ = {isa = PBXFileReference; fileEncoding = 4; lastKnownFileType = sourcecode.c.h; path = CheckoutViewController.h; sourceTree = "<group>"; };
		86F451D41C62A51F00BDDD72 /* CheckoutViewController.m */ = {isa = PBXFileReference; fileEncoding = 4; lastKnownFileType = sourcecode.c.objc; path = CheckoutViewController.m; sourceTree = "<group>"; };
		975EF7E2D040D1471A566990 /* libPods.a */ = {isa = PBXFileReference; explicitFileType = archive.ar; includeInIndex = 0; path = libPods.a; sourceTree = BUILT_PRODUCTS_DIR; };
/* End PBXFileReference section */

/* Begin PBXFrameworksBuildPhase section */
		864828DB1C6117EC008BC354 /* Frameworks */ = {
			isa = PBXFrameworksBuildPhase;
			buildActionMask = 2147483647;
			files = (
				BCBFE34966FC1EEA492ED08D /* libPods.a in Frameworks */,
			);
			runOnlyForDeploymentPostprocessing = 0;
		};
		864828F41C6117EC008BC354 /* Frameworks */ = {
			isa = PBXFrameworksBuildPhase;
			buildActionMask = 2147483647;
			files = (
			);
			runOnlyForDeploymentPostprocessing = 0;
		};
		864828FF1C6117EC008BC354 /* Frameworks */ = {
			isa = PBXFrameworksBuildPhase;
			buildActionMask = 2147483647;
			files = (
			);
			runOnlyForDeploymentPostprocessing = 0;
		};
/* End PBXFrameworksBuildPhase section */

/* Begin PBXGroup section */
		32C9B54968CAD6DAADDDAE7A /* Pods */ = {
			isa = PBXGroup;
			children = (
				39DD8D1442627108A58FC793 /* Pods.debug.xcconfig */,
				231EACC81985B30522B9BDD1 /* Pods.release.xcconfig */,
			);
			name = Pods;
			sourceTree = "<group>";
		};
		864828D51C6117EC008BC354 = {
			isa = PBXGroup;
			children = (
				864828E01C6117EC008BC354 /* TesteObjectiveC */,
				864828FA1C6117EC008BC354 /* TesteObjectiveCTests */,
				864829051C6117EC008BC354 /* TesteObjectiveCUITests */,
				864828DF1C6117EC008BC354 /* Products */,
				32C9B54968CAD6DAADDDAE7A /* Pods */,
				B3B71744685684C52DA27C6A /* Frameworks */,
			);
			sourceTree = "<group>";
		};
		864828DF1C6117EC008BC354 /* Products */ = {
			isa = PBXGroup;
			children = (
				864828DE1C6117EC008BC354 /* TesteObjectiveC.app */,
				864828F71C6117EC008BC354 /* TesteObjectiveCTests.xctest */,
				864829021C6117EC008BC354 /* TesteObjectiveCUITests.xctest */,
			);
			name = Products;
			sourceTree = "<group>";
		};
		864828E01C6117EC008BC354 /* TesteObjectiveC */ = {
			isa = PBXGroup;
			children = (
				864828E41C6117EC008BC354 /* AppDelegate.h */,
				864828E51C6117EC008BC354 /* AppDelegate.m */,
				864828E71C6117EC008BC354 /* ViewController.h */,
				864828E81C6117EC008BC354 /* ViewController.m */,
				86F451D01C62475A00BDDD72 /* InicioViewController.h */,
				86F451D11C62475A00BDDD72 /* InicioViewController.m */,
				864829161C611BF7008BC354 /* TableViewController.h */,
				864829171C611BF7008BC354 /* TableViewController.m */,
				86F451D31C62A51F00BDDD72 /* CheckoutViewController.h */,
				86F451D41C62A51F00BDDD72 /* CheckoutViewController.m */,
				869280EB1C767F4E0031C722 /* HistoricoViewController.h */,
				869280EC1C767F4E0031C722 /* HistoricoViewController.m */,
				864828EA1C6117EC008BC354 /* Main.storyboard */,
				864828ED1C6117EC008BC354 /* Assets.xcassets */,
				864828EF1C6117EC008BC354 /* LaunchScreen.storyboard */,
				864828F21C6117EC008BC354 /* Info.plist */,
				864828E11C6117EC008BC354 /* Supporting Files */,
			);
			path = TesteObjectiveC;
			sourceTree = "<group>";
		};
		864828E11C6117EC008BC354 /* Supporting Files */ = {
			isa = PBXGroup;
			children = (
				864828E21C6117EC008BC354 /* main.m */,
			);
			name = "Supporting Files";
			sourceTree = "<group>";
		};
		864828FA1C6117EC008BC354 /* TesteObjectiveCTests */ = {
			isa = PBXGroup;
			children = (
				864828FB1C6117EC008BC354 /* TesteObjectiveCTests.m */,
				864828FD1C6117EC008BC354 /* Info.plist */,
			);
			path = TesteObjectiveCTests;
			sourceTree = "<group>";
		};
		864829051C6117EC008BC354 /* TesteObjectiveCUITests */ = {
			isa = PBXGroup;
			children = (
				864829061C6117EC008BC354 /* TesteObjectiveCUITests.m */,
				864829081C6117EC008BC354 /* Info.plist */,
			);
			path = TesteObjectiveCUITests;
			sourceTree = "<group>";
		};
		B3B71744685684C52DA27C6A /* Frameworks */ = {
			isa = PBXGroup;
			children = (
				975EF7E2D040D1471A566990 /* libPods.a */,
			);
			name = Frameworks;
			sourceTree = "<group>";
		};
/* End PBXGroup section */

/* Begin PBXNativeTarget section */
		864828DD1C6117EC008BC354 /* TesteObjectiveC */ = {
			isa = PBXNativeTarget;
			buildConfigurationList = 8648290B1C6117EC008BC354 /* Build configuration list for PBXNativeTarget "TesteObjectiveC" */;
			buildPhases = (
				6D571BB1B3244627FC8AF70B /* Check Pods Manifest.lock */,
				864828DA1C6117EC008BC354 /* Sources */,
				864828DB1C6117EC008BC354 /* Frameworks */,
				864828DC1C6117EC008BC354 /* Resources */,
				B580C1CC482933F813FE0DD9 /* Embed Pods Frameworks */,
				6B36D36FFD9494B92AFCD4C0 /* Copy Pods Resources */,
			);
			buildRules = (
			);
			dependencies = (
			);
			name = TesteObjectiveC;
			productName = TesteObjectiveC;
			productReference = 864828DE1C6117EC008BC354 /* TesteObjectiveC.app */;
			productType = "com.apple.product-type.application";
		};
		864828F61C6117EC008BC354 /* TesteObjectiveCTests */ = {
			isa = PBXNativeTarget;
			buildConfigurationList = 8648290E1C6117EC008BC354 /* Build configuration list for PBXNativeTarget "TesteObjectiveCTests" */;
			buildPhases = (
				864828F31C6117EC008BC354 /* Sources */,
				864828F41C6117EC008BC354 /* Frameworks */,
				864828F51C6117EC008BC354 /* Resources */,
			);
			buildRules = (
			);
			dependencies = (
				864828F91C6117EC008BC354 /* PBXTargetDependency */,
			);
			name = TesteObjectiveCTests;
			productName = TesteObjectiveCTests;
			productReference = 864828F71C6117EC008BC354 /* TesteObjectiveCTests.xctest */;
			productType = "com.apple.product-type.bundle.unit-test";
		};
		864829011C6117EC008BC354 /* TesteObjectiveCUITests */ = {
			isa = PBXNativeTarget;
			buildConfigurationList = 864829111C6117EC008BC354 /* Build configuration list for PBXNativeTarget "TesteObjectiveCUITests" */;
			buildPhases = (
				864828FE1C6117EC008BC354 /* Sources */,
				864828FF1C6117EC008BC354 /* Frameworks */,
				864829001C6117EC008BC354 /* Resources */,
			);
			buildRules = (
			);
			dependencies = (
				864829041C6117EC008BC354 /* PBXTargetDependency */,
			);
			name = TesteObjectiveCUITests;
			productName = TesteObjectiveCUITests;
			productReference = 864829021C6117EC008BC354 /* TesteObjectiveCUITests.xctest */;
			productType = "com.apple.product-type.bundle.ui-testing";
		};
/* End PBXNativeTarget section */

/* Begin PBXProject section */
		864828D61C6117EC008BC354 /* Project object */ = {
			isa = PBXProject;
			attributes = {
				LastUpgradeCheck = 0710;
				ORGANIZATIONNAME = "Tamyres Freitas";
				TargetAttributes = {
					864828DD1C6117EC008BC354 = {
						CreatedOnToolsVersion = 7.1;
					};
					864828F61C6117EC008BC354 = {
						CreatedOnToolsVersion = 7.1;
						TestTargetID = 864828DD1C6117EC008BC354;
					};
					864829011C6117EC008BC354 = {
						CreatedOnToolsVersion = 7.1;
						TestTargetID = 864828DD1C6117EC008BC354;
					};
				};
			};
			buildConfigurationList = 864828D91C6117EC008BC354 /* Build configuration list for PBXProject "TesteObjectiveC" */;
			compatibilityVersion = "Xcode 3.2";
			developmentRegion = English;
			hasScannedForEncodings = 0;
			knownRegions = (
				en,
				Base,
			);
			mainGroup = 864828D51C6117EC008BC354;
			productRefGroup = 864828DF1C6117EC008BC354 /* Products */;
			projectDirPath = "";
			projectRoot = "";
			targets = (
				864828DD1C6117EC008BC354 /* TesteObjectiveC */,
				864828F61C6117EC008BC354 /* TesteObjectiveCTests */,
				864829011C6117EC008BC354 /* TesteObjectiveCUITests */,
			);
		};
/* End PBXProject section */

/* Begin PBXResourcesBuildPhase section */
		864828DC1C6117EC008BC354 /* Resources */ = {
			isa = PBXResourcesBuildPhase;
			buildActionMask = 2147483647;
			files = (
				864828F11C6117EC008BC354 /* LaunchScreen.storyboard in Resources */,
				864828EE1C6117EC008BC354 /* Assets.xcassets in Resources */,
				864828EC1C6117EC008BC354 /* Main.storyboard in Resources */,
			);
			runOnlyForDeploymentPostprocessing = 0;
		};
		864828F51C6117EC008BC354 /* Resources */ = {
			isa = PBXResourcesBuildPhase;
			buildActionMask = 2147483647;
			files = (
			);
			runOnlyForDeploymentPostprocessing = 0;
		};
		864829001C6117EC008BC354 /* Resources */ = {
			isa = PBXResourcesBuildPhase;
			buildActionMask = 2147483647;
			files = (
			);
			runOnlyForDeploymentPostprocessing = 0;
		};
/* End PBXResourcesBuildPhase section */

/* Begin PBXShellScriptBuildPhase section */
		6B36D36FFD9494B92AFCD4C0 /* Copy Pods Resources */ = {
			isa = PBXShellScriptBuildPhase;
			buildActionMask = 2147483647;
			files = (
			);
			inputPaths = (
			);
			name = "Copy Pods Resources";
			outputPaths = (
			);
			runOnlyForDeploymentPostprocessing = 0;
			shellPath = /bin/sh;
			shellScript = "\"${SRCROOT}/Pods/Target Support Files/Pods/Pods-resources.sh\"\n";
			showEnvVarsInLog = 0;
		};
		6D571BB1B3244627FC8AF70B /* Check Pods Manifest.lock */ = {
			isa = PBXShellScriptBuildPhase;
			buildActionMask = 2147483647;
			files = (
			);
			inputPaths = (
			);
			name = "Check Pods Manifest.lock";
			outputPaths = (
			);
			runOnlyForDeploymentPostprocessing = 0;
			shellPath = /bin/sh;
			shellScript = "diff \"${PODS_ROOT}/../Podfile.lock\" \"${PODS_ROOT}/Manifest.lock\" > /dev/null\nif [[ $? != 0 ]] ; then\n    cat << EOM\nerror: The sandbox is not in sync with the Podfile.lock. Run 'pod install' or update your CocoaPods installation.\nEOM\n    exit 1\nfi\n";
			showEnvVarsInLog = 0;
		};
		B580C1CC482933F813FE0DD9 /* Embed Pods Frameworks */ = {
			isa = PBXShellScriptBuildPhase;
			buildActionMask = 2147483647;
			files = (
			);
			inputPaths = (
			);
			name = "Embed Pods Frameworks";
			outputPaths = (
			);
			runOnlyForDeploymentPostprocessing = 0;
			shellPath = /bin/sh;
			shellScript = "\"${SRCROOT}/Pods/Target Support Files/Pods/Pods-frameworks.sh\"\n";
			showEnvVarsInLog = 0;
		};
/* End PBXShellScriptBuildPhase section */

/* Begin PBXSourcesBuildPhase section */
		864828DA1C6117EC008BC354 /* Sources */ = {
			isa = PBXSourcesBuildPhase;
			buildActionMask = 2147483647;
			files = (
				864829181C611BF7008BC354 /* TableViewController.m in Sources */,
				864828E91C6117EC008BC354 /* ViewController.m in Sources */,
				86F451D51C62A51F00BDDD72 /* CheckoutViewController.m in Sources */,
				864828E61C6117EC008BC354 /* AppDelegate.m in Sources */,
				86F451D21C62475A00BDDD72 /* InicioViewController.m in Sources */,
				864828E31C6117EC008BC354 /* main.m in Sources */,
				869280ED1C767F4E0031C722 /* HistoricoViewController.m in Sources */,
			);
			runOnlyForDeploymentPostprocessing = 0;
		};
		864828F31C6117EC008BC354 /* Sources */ = {
			isa = PBXSourcesBuildPhase;
			buildActionMask = 2147483647;
			files = (
				864828FC1C6117EC008BC354 /* TesteObjectiveCTests.m in Sources */,
			);
			runOnlyForDeploymentPostprocessing = 0;
		};
		864828FE1C6117EC008BC354 /* Sources */ = {
			isa = PBXSourcesBuildPhase;
			buildActionMask = 2147483647;
			files = (
				864829071C6117EC008BC354 /* TesteObjectiveCUITests.m in Sources */,
			);
			runOnlyForDeploymentPostprocessing = 0;
		};
/* End PBXSourcesBuildPhase section */

/* Begin PBXTargetDependency section */
		864828F91C6117EC008BC354 /* PBXTargetDependency */ = {
			isa = PBXTargetDependency;
			target = 864828DD1C6117EC008BC354 /* TesteObjectiveC */;
			targetProxy = 864828F81C6117EC008BC354 /* PBXContainerItemProxy */;
		};
		864829041C6117EC008BC354 /* PBXTargetDependency */ = {
			isa = PBXTargetDependency;
			target = 864828DD1C6117EC008BC354 /* TesteObjectiveC */;
			targetProxy = 864829031C6117EC008BC354 /* PBXContainerItemProxy */;
		};
/* End PBXTargetDependency section */

/* Begin PBXVariantGroup section */
		864828EA1C6117EC008BC354 /* Main.storyboard */ = {
			isa = PBXVariantGroup;
			children = (
				864828EB1C6117EC008BC354 /* Base */,
			);
			name = Main.storyboard;
			sourceTree = "<group>";
		};
		864828EF1C6117EC008BC354 /* LaunchScreen.storyboard */ = {
			isa = PBXVariantGroup;
			children = (
				864828F01C6117EC008BC354 /* Base */,
			);
			name = LaunchScreen.storyboard;
			sourceTree = "<group>";
		};
/* End PBXVariantGroup section */

/* Begin XCBuildConfiguration section */
		864829091C6117EC008BC354 /* Debug */ = {
			isa = XCBuildConfiguration;
			buildSettings = {
				ALWAYS_SEARCH_USER_PATHS = NO;
				CLANG_CXX_LANGUAGE_STANDARD = "gnu++0x";
				CLANG_CXX_LIBRARY = "libc++";
				CLANG_ENABLE_MODULES = YES;
				CLANG_ENABLE_OBJC_ARC = YES;
				CLANG_WARN_BOOL_CONVERSION = YES;
				CLANG_WARN_CONSTANT_CONVERSION = YES;
				CLANG_WARN_DIRECT_OBJC_ISA_USAGE = YES_ERROR;
				CLANG_WARN_EMPTY_BODY = YES;
				CLANG_WARN_ENUM_CONVERSION = YES;
				CLANG_WARN_INT_CONVERSION = YES;
				CLANG_WARN_OBJC_ROOT_CLASS = YES_ERROR;
				CLANG_WARN_UNREACHABLE_CODE = YES;
				CLANG_WARN__DUPLICATE_METHOD_MATCH = YES;
				"CODE_SIGN_IDENTITY[sdk=iphoneos*]" = "iPhone Developer";
				COPY_PHASE_STRIP = NO;
				DEBUG_INFORMATION_FORMAT = dwarf;
				ENABLE_STRICT_OBJC_MSGSEND = YES;
				ENABLE_TESTABILITY = YES;
				GCC_C_LANGUAGE_STANDARD = gnu99;
				GCC_DYNAMIC_NO_PIC = NO;
				GCC_NO_COMMON_BLOCKS = YES;
				GCC_OPTIMIZATION_LEVEL = 0;
				GCC_PREPROCESSOR_DEFINITIONS = (
					"DEBUG=1",
					"$(inherited)",
				);
				GCC_WARN_64_TO_32_BIT_CONVERSION = YES;
				GCC_WARN_ABOUT_RETURN_TYPE = YES_ERROR;
				GCC_WARN_UNDECLARED_SELECTOR = YES;
				GCC_WARN_UNINITIALIZED_AUTOS = YES_AGGRESSIVE;
				GCC_WARN_UNUSED_FUNCTION = YES;
				GCC_WARN_UNUSED_VARIABLE = YES;
				IPHONEOS_DEPLOYMENT_TARGET = 9.1;
				MTL_ENABLE_DEBUG_INFO = YES;
				ONLY_ACTIVE_ARCH = YES;
				SDKROOT = iphoneos;
				TARGETED_DEVICE_FAMILY = "1,2";
			};
			name = Debug;
		};
		8648290A1C6117EC008BC354 /* Release */ = {
			isa = XCBuildConfiguration;
			buildSettings = {
				ALWAYS_SEARCH_USER_PATHS = NO;
				CLANG_CXX_LANGUAGE_STANDARD = "gnu++0x";
				CLANG_CXX_LIBRARY = "libc++";
				CLANG_ENABLE_MODULES = YES;
				CLANG_ENABLE_OBJC_ARC = YES;
				CLANG_WARN_BOOL_CONVERSION = YES;
				CLANG_WARN_CONSTANT_CONVERSION = YES;
				CLANG_WARN_DIRECT_OBJC_ISA_USAGE = YES_ERROR;
				CLANG_WARN_EMPTY_BODY = YES;
				CLANG_WARN_ENUM_CONVERSION = YES;
				CLANG_WARN_INT_CONVERSION = YES;
				CLANG_WARN_OBJC_ROOT_CLASS = YES_ERROR;
				CLANG_WARN_UNREACHABLE_CODE = YES;
				CLANG_WARN__DUPLICATE_METHOD_MATCH = YES;
				"CODE_SIGN_IDENTITY[sdk=iphoneos*]" = "iPhone Developer";
				COPY_PHASE_STRIP = NO;
				DEBUG_INFORMATION_FORMAT = "dwarf-with-dsym";
				ENABLE_NS_ASSERTIONS = NO;
				ENABLE_STRICT_OBJC_MSGSEND = YES;
				GCC_C_LANGUAGE_STANDARD = gnu99;
				GCC_NO_COMMON_BLOCKS = YES;
				GCC_WARN_64_TO_32_BIT_CONVERSION = YES;
				GCC_WARN_ABOUT_RETURN_TYPE = YES_ERROR;
				GCC_WARN_UNDECLARED_SELECTOR = YES;
				GCC_WARN_UNINITIALIZED_AUTOS = YES_AGGRESSIVE;
				GCC_WARN_UNUSED_FUNCTION = YES;
				GCC_WARN_UNUSED_VARIABLE = YES;
				IPHONEOS_DEPLOYMENT_TARGET = 9.1;
				MTL_ENABLE_DEBUG_INFO = NO;
				SDKROOT = iphoneos;
				TARGETED_DEVICE_FAMILY = "1,2";
				VALIDATE_PRODUCT = YES;
			};
			name = Release;
		};
		8648290C1C6117EC008BC354 /* Debug */ = {
			isa = XCBuildConfiguration;
			baseConfigurationReference = 39DD8D1442627108A58FC793 /* Pods.debug.xcconfig */;
			buildSettings = {
				ASSETCATALOG_COMPILER_APPICON_NAME = AppIcon;
				INFOPLIST_FILE = TesteObjectiveC/Info.plist;
				LD_RUNPATH_SEARCH_PATHS = "$(inherited) @executable_path/Frameworks";
				PRODUCT_BUNDLE_IDENTIFIER = tamyres.TesteObjectiveC;
				PRODUCT_NAME = "$(TARGET_NAME)";
			};
			name = Debug;
		};
		8648290D1C6117EC008BC354 /* Release */ = {
			isa = XCBuildConfiguration;
			baseConfigurationReference = 231EACC81985B30522B9BDD1 /* Pods.release.xcconfig */;
			buildSettings = {
				ASSETCATALOG_COMPILER_APPICON_NAME = AppIcon;
				INFOPLIST_FILE = TesteObjectiveC/Info.plist;
				LD_RUNPATH_SEARCH_PATHS = "$(inherited) @executable_path/Frameworks";
				PRODUCT_BUNDLE_IDENTIFIER = tamyres.TesteObjectiveC;
				PRODUCT_NAME = "$(TARGET_NAME)";
			};
			name = Release;
		};
		8648290F1C6117EC008BC354 /* Debug */ = {
			isa = XCBuildConfiguration;
			buildSettings = {
				BUNDLE_LOADER = "$(TEST_HOST)";
				INFOPLIST_FILE = TesteObjectiveCTests/Info.plist;
				LD_RUNPATH_SEARCH_PATHS = "$(inherited) @executable_path/Frameworks @loader_path/Frameworks";
				PRODUCT_BUNDLE_IDENTIFIER = tamyres.TesteObjectiveCTests;
				PRODUCT_NAME = "$(TARGET_NAME)";
				TEST_HOST = "$(BUILT_PRODUCTS_DIR)/TesteObjectiveC.app/TesteObjectiveC";
			};
			name = Debug;
		};
		864829101C6117EC008BC354 /* Release */ = {
			isa = XCBuildConfiguration;
			buildSettings = {
				BUNDLE_LOADER = "$(TEST_HOST)";
				INFOPLIST_FILE = TesteObjectiveCTests/Info.plist;
				LD_RUNPATH_SEARCH_PATHS = "$(inherited) @executable_path/Frameworks @loader_path/Frameworks";
				PRODUCT_BUNDLE_IDENTIFIER = tamyres.TesteObjectiveCTests;
				PRODUCT_NAME = "$(TARGET_NAME)";
				TEST_HOST = "$(BUILT_PRODUCTS_DIR)/TesteObjectiveC.app/TesteObjectiveC";
			};
			name = Release;
		};
		864829121C6117EC008BC354 /* Debug */ = {
			isa = XCBuildConfiguration;
			buildSettings = {
				INFOPLIST_FILE = TesteObjectiveCUITests/Info.plist;
				LD_RUNPATH_SEARCH_PATHS = "$(inherited) @executable_path/Frameworks @loader_path/Frameworks";
				PRODUCT_BUNDLE_IDENTIFIER = tamyres.TesteObjectiveCUITests;
				PRODUCT_NAME = "$(TARGET_NAME)";
				TEST_TARGET_NAME = TesteObjectiveC;
				USES_XCTRUNNER = YES;
			};
			name = Debug;
		};
		864829131C6117EC008BC354 /* Release */ = {
			isa = XCBuildConfiguration;
			buildSettings = {
				INFOPLIST_FILE = TesteObjectiveCUITests/Info.plist;
				LD_RUNPATH_SEARCH_PATHS = "$(inherited) @executable_path/Frameworks @loader_path/Frameworks";
				PRODUCT_BUNDLE_IDENTIFIER = tamyres.TesteObjectiveCUITests;
				PRODUCT_NAME = "$(TARGET_NAME)";
				TEST_TARGET_NAME = TesteObjectiveC;
				USES_XCTRUNNER = YES;
			};
			name = Release;
		};
/* End XCBuildConfiguration section */

/* Begin XCConfigurationList section */
		864828D91C6117EC008BC354 /* Build configuration list for PBXProject "TesteObjectiveC" */ = {
			isa = XCConfigurationList;
			buildConfigurations = (
				864829091C6117EC008BC354 /* Debug */,
				8648290A1C6117EC008BC354 /* Release */,
			);
			defaultConfigurationIsVisible = 0;
			defaultConfigurationName = Release;
		};
		8648290B1C6117EC008BC354 /* Build configuration list for PBXNativeTarget "TesteObjectiveC" */ = {
			isa = XCConfigurationList;
			buildConfigurations = (
				8648290C1C6117EC008BC354 /* Debug */,
				8648290D1C6117EC008BC354 /* Release */,
			);
			defaultConfigurationIsVisible = 0;
			defaultConfigurationName = Release;
		};
		8648290E1C6117EC008BC354 /* Build configuration list for PBXNativeTarget "TesteObjectiveCTests" */ = {
			isa = XCConfigurationList;
			buildConfigurations = (
				8648290F1C6117EC008BC354 /* Debug */,
				864829101C6117EC008BC354 /* Release */,
			);
			defaultConfigurationIsVisible = 0;
			defaultConfigurationName = Release;
		};
		864829111C6117EC008BC354 /* Build configuration list for PBXNativeTarget "TesteObjectiveCUITests" */ = {
			isa = XCConfigurationList;
			buildConfigurations = (
				864829121C6117EC008BC354 /* Debug */,
				864829131C6117EC008BC354 /* Release */,
			);
			defaultConfigurationIsVisible = 0;
			defaultConfigurationName = Release;
		};
/* End XCConfigurationList section */
	};
	rootObject = 864828D61C6117EC008BC354 /* Project object */;
}
